// !$*UTF8*$!
{
	archiveVersion = 1;
	classes = {
	};
	objectVersion = 55;
	objects = {

/* Begin PBXBuildFile section */
		7BD1D37B287DE57500927E40 /* AppDelegate.swift in Sources */ = {isa = PBXBuildFile; fileRef = 7BD1D37A287DE57500927E40 /* AppDelegate.swift */; };
		7BD1D37D287DE57500927E40 /* SceneDelegate.swift in Sources */ = {isa = PBXBuildFile; fileRef = 7BD1D37C287DE57500927E40 /* SceneDelegate.swift */; };
		7BD1D37F287DE57500927E40 /* DashboardViewController.swift in Sources */ = {isa = PBXBuildFile; fileRef = 7BD1D37E287DE57500927E40 /* DashboardViewController.swift */; };
		7BD1D384287DE57700927E40 /* Assets.xcassets in Resources */ = {isa = PBXBuildFile; fileRef = 7BD1D383287DE57700927E40 /* Assets.xcassets */; };
		7BD1D387287DE57700927E40 /* LaunchScreen.storyboard in Resources */ = {isa = PBXBuildFile; fileRef = 7BD1D385287DE57700927E40 /* LaunchScreen.storyboard */; };
		7BD1D392287DE57700927E40 /* TenTwentyAssignmentTests.swift in Sources */ = {isa = PBXBuildFile; fileRef = 7BD1D391287DE57700927E40 /* TenTwentyAssignmentTests.swift */; };
		7BD1D39C287DE57700927E40 /* TenTwentyAssignmentUITests.swift in Sources */ = {isa = PBXBuildFile; fileRef = 7BD1D39B287DE57700927E40 /* TenTwentyAssignmentUITests.swift */; };
		7BD1D39E287DE57700927E40 /* TenTwentyAssignmentUITestsLaunchTests.swift in Sources */ = {isa = PBXBuildFile; fileRef = 7BD1D39D287DE57700927E40 /* TenTwentyAssignmentUITestsLaunchTests.swift */; };
		7BD1D3AE287E157D00927E40 /* TabBarViewController.swift in Sources */ = {isa = PBXBuildFile; fileRef = 7BD1D3AD287E157D00927E40 /* TabBarViewController.swift */; };
		7BD1D3B1287E15A200927E40 /* TabBarModuleBuilder.swift in Sources */ = {isa = PBXBuildFile; fileRef = 7BD1D3B0287E15A200927E40 /* TabBarModuleBuilder.swift */; };
		7BD1D3B5287E1DB500927E40 /* DashboardModuleBuilder.swift in Sources */ = {isa = PBXBuildFile; fileRef = 7BD1D3B4287E1DB500927E40 /* DashboardModuleBuilder.swift */; };
		7BD1D3B9287E1F1A00927E40 /* WatchTabModuleBuilder.swift in Sources */ = {isa = PBXBuildFile; fileRef = 7BD1D3B8287E1F1A00927E40 /* WatchTabModuleBuilder.swift */; };
		7BD1D3BB287E1F6900927E40 /* WatchViewController.swift in Sources */ = {isa = PBXBuildFile; fileRef = 7BD1D3BA287E1F6900927E40 /* WatchViewController.swift */; };
		7BD1D3C0287E21E900927E40 /* AppFont.swift in Sources */ = {isa = PBXBuildFile; fileRef = 7BD1D3BF287E21E900927E40 /* AppFont.swift */; };
		7BD1D3D4287E223100927E40 /* Poppins-Medium.ttf in Resources */ = {isa = PBXBuildFile; fileRef = 7BD1D3C2287E223000927E40 /* Poppins-Medium.ttf */; };
		7BD1D3D6287E223100927E40 /* Poppins-Thin.ttf in Resources */ = {isa = PBXBuildFile; fileRef = 7BD1D3C4287E223100927E40 /* Poppins-Thin.ttf */; };
		7BD1D3D9287E223100927E40 /* Poppins-Bold.ttf in Resources */ = {isa = PBXBuildFile; fileRef = 7BD1D3C7287E223100927E40 /* Poppins-Bold.ttf */; };
		7BD1D3DC287E223100927E40 /* Poppins-Light.ttf in Resources */ = {isa = PBXBuildFile; fileRef = 7BD1D3CA287E223100927E40 /* Poppins-Light.ttf */; };
		7BD1D3DD287E223100927E40 /* Poppins-SemiBold.ttf in Resources */ = {isa = PBXBuildFile; fileRef = 7BD1D3CB287E223100927E40 /* Poppins-SemiBold.ttf */; };
		7BD1D3DE287E223100927E40 /* Poppins-ExtraLight.ttf in Resources */ = {isa = PBXBuildFile; fileRef = 7BD1D3CC287E223100927E40 /* Poppins-ExtraLight.ttf */; };
		7BD1D3E3287E223100927E40 /* Poppins-Black.ttf in Resources */ = {isa = PBXBuildFile; fileRef = 7BD1D3D1287E223100927E40 /* Poppins-Black.ttf */; };
		7BD1D3E5287E223100927E40 /* Poppins-Regular.ttf in Resources */ = {isa = PBXBuildFile; fileRef = 7BD1D3D3287E223100927E40 /* Poppins-Regular.ttf */; };
		7BD1D3E8287E239C00927E40 /* Theme.swift in Sources */ = {isa = PBXBuildFile; fileRef = 7BD1D3E7287E239C00927E40 /* Theme.swift */; };
		7BD1D3EA287E25AE00927E40 /* AppColor.swift in Sources */ = {isa = PBXBuildFile; fileRef = 7BD1D3E9287E25AE00927E40 /* AppColor.swift */; };
		7BD1D3F2287E26F200927E40 /* UIStackViewFactory.swift in Sources */ = {isa = PBXBuildFile; fileRef = 7BD1D3EB287E26F200927E40 /* UIStackViewFactory.swift */; };
		7BD1D3F3287E26F200927E40 /* UILabelFactory.swift in Sources */ = {isa = PBXBuildFile; fileRef = 7BD1D3EC287E26F200927E40 /* UILabelFactory.swift */; };
		7BD1D3F4287E26F200927E40 /* UIButtonFactory.swift in Sources */ = {isa = PBXBuildFile; fileRef = 7BD1D3ED287E26F200927E40 /* UIButtonFactory.swift */; };
		7BD1D3F5287E26F200927E40 /* UINavigationControllerFactory.swift in Sources */ = {isa = PBXBuildFile; fileRef = 7BD1D3EE287E26F200927E40 /* UINavigationControllerFactory.swift */; };
		7BD1D3F6287E26F200927E40 /* UITextFieldFactory.swift in Sources */ = {isa = PBXBuildFile; fileRef = 7BD1D3EF287E26F200927E40 /* UITextFieldFactory.swift */; };
		7BD1D3F7287E26F200927E40 /* UIImageViewFactory.swift in Sources */ = {isa = PBXBuildFile; fileRef = 7BD1D3F0287E26F200927E40 /* UIImageViewFactory.swift */; };
		7BD1D3F8287E26F200927E40 /* UITableViewFactory.swift in Sources */ = {isa = PBXBuildFile; fileRef = 7BD1D3F1287E26F200927E40 /* UITableViewFactory.swift */; };
		7BD1D3FF287E274000927E40 /* ReuseableTableViewCell.swift in Sources */ = {isa = PBXBuildFile; fileRef = 7BD1D3FA287E273F00927E40 /* ReuseableTableViewCell.swift */; };
		7BD1D400287E274000927E40 /* AppError.swift in Sources */ = {isa = PBXBuildFile; fileRef = 7BD1D3FB287E274000927E40 /* AppError.swift */; };
		7BD1D401287E274000927E40 /* UIImageView+Extension.swift in Sources */ = {isa = PBXBuildFile; fileRef = 7BD1D3FC287E274000927E40 /* UIImageView+Extension.swift */; };
		7BD1D402287E274000927E40 /* UIView+Extension.swift in Sources */ = {isa = PBXBuildFile; fileRef = 7BD1D3FD287E274000927E40 /* UIView+Extension.swift */; };
		7BD1D403287E274000927E40 /* UIViewController+Extension.swift in Sources */ = {isa = PBXBuildFile; fileRef = 7BD1D3FE287E274000927E40 /* UIViewController+Extension.swift */; };
		7BD1D405287EC06800927E40 /* DashboardViewModel.swift in Sources */ = {isa = PBXBuildFile; fileRef = 7BD1D404287EC06800927E40 /* DashboardViewModel.swift */; };
		7BD1D408287ED7B100927E40 /* RxCocoa in Frameworks */ = {isa = PBXBuildFile; productRef = 7BD1D407287ED7B100927E40 /* RxCocoa */; };
		7BD1D40A287ED7B100927E40 /* RxSwift in Frameworks */ = {isa = PBXBuildFile; productRef = 7BD1D409287ED7B100927E40 /* RxSwift */; };
		7BD1D40D287F670400927E40 /* ApiService.swift in Sources */ = {isa = PBXBuildFile; fileRef = 7BD1D40C287F670400927E40 /* ApiService.swift */; };
		7BD1D40F287F672A00927E40 /* ApiClient.swift in Sources */ = {isa = PBXBuildFile; fileRef = 7BD1D40E287F672A00927E40 /* ApiClient.swift */; };
		7BD1D411287F674C00927E40 /* UrlRequest.swift in Sources */ = {isa = PBXBuildFile; fileRef = 7BD1D410287F674C00927E40 /* UrlRequest.swift */; };
		7BD1D414287F68FE00927E40 /* MoviesResponse.swift in Sources */ = {isa = PBXBuildFile; fileRef = 7BD1D413287F68FE00927E40 /* MoviesResponse.swift */; };
		7BD1D429287F752500927E40 /* DashboardTableViewCell.swift in Sources */ = {isa = PBXBuildFile; fileRef = 7BD1D428287F752500927E40 /* DashboardTableViewCell.swift */; };
		7BD1D42B287F753A00927E40 /* DashboardTableViewCellViewModel.swift in Sources */ = {isa = PBXBuildFile; fileRef = 7BD1D42A287F753A00927E40 /* DashboardTableViewCellViewModel.swift */; };
		7BD1D42E2880203400927E40 /* SDWebImage in Frameworks */ = {isa = PBXBuildFile; productRef = 7BD1D42D2880203400927E40 /* SDWebImage */; };
		7BD1D4302880598300927E40 /* UITableView+Extension.swift in Sources */ = {isa = PBXBuildFile; fileRef = 7BD1D42F2880598300927E40 /* UITableView+Extension.swift */; };
		7BD1D4332880C72200927E40 /* DashboardSceneRouter.swift in Sources */ = {isa = PBXBuildFile; fileRef = 7BD1D4322880C72200927E40 /* DashboardSceneRouter.swift */; };
		7BD1D4362880C7D200927E40 /* MovieDetailViewController.swift in Sources */ = {isa = PBXBuildFile; fileRef = 7BD1D4352880C7D200927E40 /* MovieDetailViewController.swift */; };
		7BD1D4382880C8DF00927E40 /* MovieDetailViewModel.swift in Sources */ = {isa = PBXBuildFile; fileRef = 7BD1D4372880C8DF00927E40 /* MovieDetailViewModel.swift */; };
		7BD1D43B2880D0D900927E40 /* HeaderImageTableViewCell.swift in Sources */ = {isa = PBXBuildFile; fileRef = 7BD1D43A2880D0D900927E40 /* HeaderImageTableViewCell.swift */; };
		7BD1D43D2880D14400927E40 /* HeaderImageTableViewCellViewModel.swift in Sources */ = {isa = PBXBuildFile; fileRef = 7BD1D43C2880D14400927E40 /* HeaderImageTableViewCellViewModel.swift */; };
		7BD1D4412880DB0000927E40 /* MovieOverviewTableViewCell.swift in Sources */ = {isa = PBXBuildFile; fileRef = 7BD1D4402880DB0000927E40 /* MovieOverviewTableViewCell.swift */; };
		7BD1D4432880DB0A00927E40 /* MovieOverviewTableViewCellViewModel.swift in Sources */ = {isa = PBXBuildFile; fileRef = 7BD1D4422880DB0A00927E40 /* MovieOverviewTableViewCellViewModel.swift */; };
		7BD1D4472881483B00927E40 /* MovieDetailRouter.swift in Sources */ = {isa = PBXBuildFile; fileRef = 7BD1D4462881483B00927E40 /* MovieDetailRouter.swift */; };
		7BD1D44A2881555800927E40 /* MovieGenreTableViewCell.swift in Sources */ = {isa = PBXBuildFile; fileRef = 7BD1D4492881555800927E40 /* MovieGenreTableViewCell.swift */; };
		7BD1D44C2881556C00927E40 /* MovieGenreTableViewCellViewModel.swift in Sources */ = {isa = PBXBuildFile; fileRef = 7BD1D44B2881556C00927E40 /* MovieGenreTableViewCellViewModel.swift */; };
		7BD1D44F288156AF00927E40 /* GenreCollectionViewCell.swift in Sources */ = {isa = PBXBuildFile; fileRef = 7BD1D44E288156AF00927E40 /* GenreCollectionViewCell.swift */; };
		7BD1D4512881571600927E40 /* ReuseableCollectionViewCell.swift in Sources */ = {isa = PBXBuildFile; fileRef = 7BD1D4502881571600927E40 /* ReuseableCollectionViewCell.swift */; };
		7BD1D45328815B1000927E40 /* GenreCollectionViewCellViewModel.swift in Sources */ = {isa = PBXBuildFile; fileRef = 7BD1D45228815B1000927E40 /* GenreCollectionViewCellViewModel.swift */; };
		7BD1D4552881C0F800927E40 /* UICollectionViewFactory.swift in Sources */ = {isa = PBXBuildFile; fileRef = 7BD1D4542881C0F800927E40 /* UICollectionViewFactory.swift */; };
		7BD1D4582881D40000927E40 /* UIButton+Extension.swift in Sources */ = {isa = PBXBuildFile; fileRef = 7BD1D4572881D40000927E40 /* UIButton+Extension.swift */; };
/* End PBXBuildFile section */

/* Begin PBXContainerItemProxy section */
		7BD1D38E287DE57700927E40 /* PBXContainerItemProxy */ = {
			isa = PBXContainerItemProxy;
			containerPortal = 7BD1D36F287DE57500927E40 /* Project object */;
			proxyType = 1;
			remoteGlobalIDString = 7BD1D376287DE57500927E40;
			remoteInfo = TenTwentyAssignment;
		};
		7BD1D398287DE57700927E40 /* PBXContainerItemProxy */ = {
			isa = PBXContainerItemProxy;
			containerPortal = 7BD1D36F287DE57500927E40 /* Project object */;
			proxyType = 1;
			remoteGlobalIDString = 7BD1D376287DE57500927E40;
			remoteInfo = TenTwentyAssignment;
		};
/* End PBXContainerItemProxy section */

/* Begin PBXFileReference section */
		7BD1D377287DE57500927E40 /* TenTwentyAssignment.app */ = {isa = PBXFileReference; explicitFileType = wrapper.application; includeInIndex = 0; path = TenTwentyAssignment.app; sourceTree = BUILT_PRODUCTS_DIR; };
		7BD1D37A287DE57500927E40 /* AppDelegate.swift */ = {isa = PBXFileReference; lastKnownFileType = sourcecode.swift; path = AppDelegate.swift; sourceTree = "<group>"; };
		7BD1D37C287DE57500927E40 /* SceneDelegate.swift */ = {isa = PBXFileReference; lastKnownFileType = sourcecode.swift; path = SceneDelegate.swift; sourceTree = "<group>"; };
		7BD1D37E287DE57500927E40 /* DashboardViewController.swift */ = {isa = PBXFileReference; lastKnownFileType = sourcecode.swift; path = DashboardViewController.swift; sourceTree = "<group>"; };
		7BD1D383287DE57700927E40 /* Assets.xcassets */ = {isa = PBXFileReference; lastKnownFileType = folder.assetcatalog; path = Assets.xcassets; sourceTree = "<group>"; };
		7BD1D386287DE57700927E40 /* Base */ = {isa = PBXFileReference; lastKnownFileType = file.storyboard; name = Base; path = Base.lproj/LaunchScreen.storyboard; sourceTree = "<group>"; };
		7BD1D388287DE57700927E40 /* Info.plist */ = {isa = PBXFileReference; lastKnownFileType = text.plist.xml; path = Info.plist; sourceTree = "<group>"; };
		7BD1D38D287DE57700927E40 /* TenTwentyAssignmentTests.xctest */ = {isa = PBXFileReference; explicitFileType = wrapper.cfbundle; includeInIndex = 0; path = TenTwentyAssignmentTests.xctest; sourceTree = BUILT_PRODUCTS_DIR; };
		7BD1D391287DE57700927E40 /* TenTwentyAssignmentTests.swift */ = {isa = PBXFileReference; lastKnownFileType = sourcecode.swift; path = TenTwentyAssignmentTests.swift; sourceTree = "<group>"; };
		7BD1D397287DE57700927E40 /* TenTwentyAssignmentUITests.xctest */ = {isa = PBXFileReference; explicitFileType = wrapper.cfbundle; includeInIndex = 0; path = TenTwentyAssignmentUITests.xctest; sourceTree = BUILT_PRODUCTS_DIR; };
		7BD1D39B287DE57700927E40 /* TenTwentyAssignmentUITests.swift */ = {isa = PBXFileReference; lastKnownFileType = sourcecode.swift; path = TenTwentyAssignmentUITests.swift; sourceTree = "<group>"; };
		7BD1D39D287DE57700927E40 /* TenTwentyAssignmentUITestsLaunchTests.swift */ = {isa = PBXFileReference; lastKnownFileType = sourcecode.swift; path = TenTwentyAssignmentUITestsLaunchTests.swift; sourceTree = "<group>"; };
		7BD1D3AD287E157D00927E40 /* TabBarViewController.swift */ = {isa = PBXFileReference; lastKnownFileType = sourcecode.swift; path = TabBarViewController.swift; sourceTree = "<group>"; };
		7BD1D3B0287E15A200927E40 /* TabBarModuleBuilder.swift */ = {isa = PBXFileReference; lastKnownFileType = sourcecode.swift; path = TabBarModuleBuilder.swift; sourceTree = "<group>"; };
		7BD1D3B4287E1DB500927E40 /* DashboardModuleBuilder.swift */ = {isa = PBXFileReference; lastKnownFileType = sourcecode.swift; path = DashboardModuleBuilder.swift; sourceTree = "<group>"; };
		7BD1D3B8287E1F1A00927E40 /* WatchTabModuleBuilder.swift */ = {isa = PBXFileReference; lastKnownFileType = sourcecode.swift; path = WatchTabModuleBuilder.swift; sourceTree = "<group>"; };
		7BD1D3BA287E1F6900927E40 /* WatchViewController.swift */ = {isa = PBXFileReference; lastKnownFileType = sourcecode.swift; path = WatchViewController.swift; sourceTree = "<group>"; };
		7BD1D3BF287E21E900927E40 /* AppFont.swift */ = {isa = PBXFileReference; lastKnownFileType = sourcecode.swift; path = AppFont.swift; sourceTree = "<group>"; };
		7BD1D3C2287E223000927E40 /* Poppins-Medium.ttf */ = {isa = PBXFileReference; lastKnownFileType = file; path = "Poppins-Medium.ttf"; sourceTree = "<group>"; };
		7BD1D3C4287E223100927E40 /* Poppins-Thin.ttf */ = {isa = PBXFileReference; lastKnownFileType = file; path = "Poppins-Thin.ttf"; sourceTree = "<group>"; };
		7BD1D3C7287E223100927E40 /* Poppins-Bold.ttf */ = {isa = PBXFileReference; lastKnownFileType = file; path = "Poppins-Bold.ttf"; sourceTree = "<group>"; };
		7BD1D3CA287E223100927E40 /* Poppins-Light.ttf */ = {isa = PBXFileReference; lastKnownFileType = file; path = "Poppins-Light.ttf"; sourceTree = "<group>"; };
		7BD1D3CB287E223100927E40 /* Poppins-SemiBold.ttf */ = {isa = PBXFileReference; lastKnownFileType = file; path = "Poppins-SemiBold.ttf"; sourceTree = "<group>"; };
		7BD1D3CC287E223100927E40 /* Poppins-ExtraLight.ttf */ = {isa = PBXFileReference; lastKnownFileType = file; path = "Poppins-ExtraLight.ttf"; sourceTree = "<group>"; };
		7BD1D3D1287E223100927E40 /* Poppins-Black.ttf */ = {isa = PBXFileReference; lastKnownFileType = file; path = "Poppins-Black.ttf"; sourceTree = "<group>"; };
		7BD1D3D3287E223100927E40 /* Poppins-Regular.ttf */ = {isa = PBXFileReference; lastKnownFileType = file; path = "Poppins-Regular.ttf"; sourceTree = "<group>"; };
		7BD1D3E7287E239C00927E40 /* Theme.swift */ = {isa = PBXFileReference; lastKnownFileType = sourcecode.swift; path = Theme.swift; sourceTree = "<group>"; };
		7BD1D3E9287E25AE00927E40 /* AppColor.swift */ = {isa = PBXFileReference; lastKnownFileType = sourcecode.swift; path = AppColor.swift; sourceTree = "<group>"; };
		7BD1D3EB287E26F200927E40 /* UIStackViewFactory.swift */ = {isa = PBXFileReference; fileEncoding = 4; lastKnownFileType = sourcecode.swift; path = UIStackViewFactory.swift; sourceTree = "<group>"; };
		7BD1D3EC287E26F200927E40 /* UILabelFactory.swift */ = {isa = PBXFileReference; fileEncoding = 4; lastKnownFileType = sourcecode.swift; path = UILabelFactory.swift; sourceTree = "<group>"; };
		7BD1D3ED287E26F200927E40 /* UIButtonFactory.swift */ = {isa = PBXFileReference; fileEncoding = 4; lastKnownFileType = sourcecode.swift; path = UIButtonFactory.swift; sourceTree = "<group>"; };
		7BD1D3EE287E26F200927E40 /* UINavigationControllerFactory.swift */ = {isa = PBXFileReference; fileEncoding = 4; lastKnownFileType = sourcecode.swift; path = UINavigationControllerFactory.swift; sourceTree = "<group>"; };
		7BD1D3EF287E26F200927E40 /* UITextFieldFactory.swift */ = {isa = PBXFileReference; fileEncoding = 4; lastKnownFileType = sourcecode.swift; path = UITextFieldFactory.swift; sourceTree = "<group>"; };
		7BD1D3F0287E26F200927E40 /* UIImageViewFactory.swift */ = {isa = PBXFileReference; fileEncoding = 4; lastKnownFileType = sourcecode.swift; path = UIImageViewFactory.swift; sourceTree = "<group>"; };
		7BD1D3F1287E26F200927E40 /* UITableViewFactory.swift */ = {isa = PBXFileReference; fileEncoding = 4; lastKnownFileType = sourcecode.swift; path = UITableViewFactory.swift; sourceTree = "<group>"; };
		7BD1D3FA287E273F00927E40 /* ReuseableTableViewCell.swift */ = {isa = PBXFileReference; fileEncoding = 4; lastKnownFileType = sourcecode.swift; path = ReuseableTableViewCell.swift; sourceTree = "<group>"; };
		7BD1D3FB287E274000927E40 /* AppError.swift */ = {isa = PBXFileReference; fileEncoding = 4; lastKnownFileType = sourcecode.swift; path = AppError.swift; sourceTree = "<group>"; };
		7BD1D3FC287E274000927E40 /* UIImageView+Extension.swift */ = {isa = PBXFileReference; fileEncoding = 4; lastKnownFileType = sourcecode.swift; path = "UIImageView+Extension.swift"; sourceTree = "<group>"; };
		7BD1D3FD287E274000927E40 /* UIView+Extension.swift */ = {isa = PBXFileReference; fileEncoding = 4; lastKnownFileType = sourcecode.swift; path = "UIView+Extension.swift"; sourceTree = "<group>"; };
		7BD1D3FE287E274000927E40 /* UIViewController+Extension.swift */ = {isa = PBXFileReference; fileEncoding = 4; lastKnownFileType = sourcecode.swift; path = "UIViewController+Extension.swift"; sourceTree = "<group>"; };
		7BD1D404287EC06800927E40 /* DashboardViewModel.swift */ = {isa = PBXFileReference; lastKnownFileType = sourcecode.swift; path = DashboardViewModel.swift; sourceTree = "<group>"; };
		7BD1D40C287F670400927E40 /* ApiService.swift */ = {isa = PBXFileReference; lastKnownFileType = sourcecode.swift; path = ApiService.swift; sourceTree = "<group>"; };
		7BD1D40E287F672A00927E40 /* ApiClient.swift */ = {isa = PBXFileReference; lastKnownFileType = sourcecode.swift; path = ApiClient.swift; sourceTree = "<group>"; };
		7BD1D410287F674C00927E40 /* UrlRequest.swift */ = {isa = PBXFileReference; lastKnownFileType = sourcecode.swift; path = UrlRequest.swift; sourceTree = "<group>"; };
		7BD1D413287F68FE00927E40 /* MoviesResponse.swift */ = {isa = PBXFileReference; lastKnownFileType = sourcecode.swift; path = MoviesResponse.swift; sourceTree = "<group>"; };
		7BD1D428287F752500927E40 /* DashboardTableViewCell.swift */ = {isa = PBXFileReference; lastKnownFileType = sourcecode.swift; path = DashboardTableViewCell.swift; sourceTree = "<group>"; };
		7BD1D42A287F753A00927E40 /* DashboardTableViewCellViewModel.swift */ = {isa = PBXFileReference; lastKnownFileType = sourcecode.swift; path = DashboardTableViewCellViewModel.swift; sourceTree = "<group>"; };
		7BD1D42F2880598300927E40 /* UITableView+Extension.swift */ = {isa = PBXFileReference; lastKnownFileType = sourcecode.swift; path = "UITableView+Extension.swift"; sourceTree = "<group>"; };
		7BD1D4322880C72200927E40 /* DashboardSceneRouter.swift */ = {isa = PBXFileReference; lastKnownFileType = sourcecode.swift; path = DashboardSceneRouter.swift; sourceTree = "<group>"; };
		7BD1D4352880C7D200927E40 /* MovieDetailViewController.swift */ = {isa = PBXFileReference; lastKnownFileType = sourcecode.swift; path = MovieDetailViewController.swift; sourceTree = "<group>"; };
		7BD1D4372880C8DF00927E40 /* MovieDetailViewModel.swift */ = {isa = PBXFileReference; lastKnownFileType = sourcecode.swift; path = MovieDetailViewModel.swift; sourceTree = "<group>"; };
		7BD1D43A2880D0D900927E40 /* HeaderImageTableViewCell.swift */ = {isa = PBXFileReference; lastKnownFileType = sourcecode.swift; path = HeaderImageTableViewCell.swift; sourceTree = "<group>"; };
		7BD1D43C2880D14400927E40 /* HeaderImageTableViewCellViewModel.swift */ = {isa = PBXFileReference; lastKnownFileType = sourcecode.swift; path = HeaderImageTableViewCellViewModel.swift; sourceTree = "<group>"; };
		7BD1D4402880DB0000927E40 /* MovieOverviewTableViewCell.swift */ = {isa = PBXFileReference; lastKnownFileType = sourcecode.swift; path = MovieOverviewTableViewCell.swift; sourceTree = "<group>"; };
		7BD1D4422880DB0A00927E40 /* MovieOverviewTableViewCellViewModel.swift */ = {isa = PBXFileReference; lastKnownFileType = sourcecode.swift; path = MovieOverviewTableViewCellViewModel.swift; sourceTree = "<group>"; };
		7BD1D4462881483B00927E40 /* MovieDetailRouter.swift */ = {isa = PBXFileReference; lastKnownFileType = sourcecode.swift; path = MovieDetailRouter.swift; sourceTree = "<group>"; };
		7BD1D4492881555800927E40 /* MovieGenreTableViewCell.swift */ = {isa = PBXFileReference; lastKnownFileType = sourcecode.swift; path = MovieGenreTableViewCell.swift; sourceTree = "<group>"; };
		7BD1D44B2881556C00927E40 /* MovieGenreTableViewCellViewModel.swift */ = {isa = PBXFileReference; lastKnownFileType = sourcecode.swift; path = MovieGenreTableViewCellViewModel.swift; sourceTree = "<group>"; };
		7BD1D44E288156AF00927E40 /* GenreCollectionViewCell.swift */ = {isa = PBXFileReference; lastKnownFileType = sourcecode.swift; path = GenreCollectionViewCell.swift; sourceTree = "<group>"; };
		7BD1D4502881571600927E40 /* ReuseableCollectionViewCell.swift */ = {isa = PBXFileReference; lastKnownFileType = sourcecode.swift; path = ReuseableCollectionViewCell.swift; sourceTree = "<group>"; };
		7BD1D45228815B1000927E40 /* GenreCollectionViewCellViewModel.swift */ = {isa = PBXFileReference; lastKnownFileType = sourcecode.swift; path = GenreCollectionViewCellViewModel.swift; sourceTree = "<group>"; };
		7BD1D4542881C0F800927E40 /* UICollectionViewFactory.swift */ = {isa = PBXFileReference; lastKnownFileType = sourcecode.swift; path = UICollectionViewFactory.swift; sourceTree = "<group>"; };
		7BD1D4572881D40000927E40 /* UIButton+Extension.swift */ = {isa = PBXFileReference; lastKnownFileType = sourcecode.swift; path = "UIButton+Extension.swift"; sourceTree = "<group>"; };
/* End PBXFileReference section */

/* Begin PBXFrameworksBuildPhase section */
		7BD1D374287DE57500927E40 /* Frameworks */ = {
			isa = PBXFrameworksBuildPhase;
			buildActionMask = 2147483647;
			files = (
				7BD1D40A287ED7B100927E40 /* RxSwift in Frameworks */,
				7BD1D42E2880203400927E40 /* SDWebImage in Frameworks */,
				7BD1D408287ED7B100927E40 /* RxCocoa in Frameworks */,
			);
			runOnlyForDeploymentPostprocessing = 0;
		};
		7BD1D38A287DE57700927E40 /* Frameworks */ = {
			isa = PBXFrameworksBuildPhase;
			buildActionMask = 2147483647;
			files = (
			);
			runOnlyForDeploymentPostprocessing = 0;
		};
		7BD1D394287DE57700927E40 /* Frameworks */ = {
			isa = PBXFrameworksBuildPhase;
			buildActionMask = 2147483647;
			files = (
			);
			runOnlyForDeploymentPostprocessing = 0;
		};
/* End PBXFrameworksBuildPhase section */

/* Begin PBXGroup section */
		7BD1D36E287DE57500927E40 = {
			isa = PBXGroup;
			children = (
				7BD1D379287DE57500927E40 /* TenTwentyAssignment */,
				7BD1D390287DE57700927E40 /* TenTwentyAssignmentTests */,
				7BD1D39A287DE57700927E40 /* TenTwentyAssignmentUITests */,
				7BD1D378287DE57500927E40 /* Products */,
			);
			sourceTree = "<group>";
		};
		7BD1D378287DE57500927E40 /* Products */ = {
			isa = PBXGroup;
			children = (
				7BD1D377287DE57500927E40 /* TenTwentyAssignment.app */,
				7BD1D38D287DE57700927E40 /* TenTwentyAssignmentTests.xctest */,
				7BD1D397287DE57700927E40 /* TenTwentyAssignmentUITests.xctest */,
			);
			name = Products;
			sourceTree = "<group>";
		};
		7BD1D379287DE57500927E40 /* TenTwentyAssignment */ = {
			isa = PBXGroup;
			children = (
				7BD1D412287F68EA00927E40 /* ResponseModels */,
				7BD1D40B287F657600927E40 /* Network */,
				7BD1D3AA287DE5FA00927E40 /* AppLifeCycle */,
				7BD1D3BD287E21A500927E40 /* AppKit */,
				7BD1D3AB287DE72F00927E40 /* Scenes */,
				7BD1D383287DE57700927E40 /* Assets.xcassets */,
				7BD1D385287DE57700927E40 /* LaunchScreen.storyboard */,
				7BD1D388287DE57700927E40 /* Info.plist */,
			);
			path = TenTwentyAssignment;
			sourceTree = "<group>";
		};
		7BD1D390287DE57700927E40 /* TenTwentyAssignmentTests */ = {
			isa = PBXGroup;
			children = (
				7BD1D391287DE57700927E40 /* TenTwentyAssignmentTests.swift */,
			);
			path = TenTwentyAssignmentTests;
			sourceTree = "<group>";
		};
		7BD1D39A287DE57700927E40 /* TenTwentyAssignmentUITests */ = {
			isa = PBXGroup;
			children = (
				7BD1D39B287DE57700927E40 /* TenTwentyAssignmentUITests.swift */,
				7BD1D39D287DE57700927E40 /* TenTwentyAssignmentUITestsLaunchTests.swift */,
			);
			path = TenTwentyAssignmentUITests;
			sourceTree = "<group>";
		};
		7BD1D3AA287DE5FA00927E40 /* AppLifeCycle */ = {
			isa = PBXGroup;
			children = (
				7BD1D37A287DE57500927E40 /* AppDelegate.swift */,
				7BD1D37C287DE57500927E40 /* SceneDelegate.swift */,
			);
			path = AppLifeCycle;
			sourceTree = "<group>";
		};
		7BD1D3AB287DE72F00927E40 /* Scenes */ = {
			isa = PBXGroup;
			children = (
				7BD1D4342880C7B300927E40 /* MovieDetail */,
				7BD1D3AC287E155400927E40 /* Tabbar */,
				7BD1D3B2287E1D8C00927E40 /* DashboardTab */,
				7BD1D3B6287E1EF300927E40 /* WatchTab */,
			);
			path = Scenes;
			sourceTree = "<group>";
		};
		7BD1D3AC287E155400927E40 /* Tabbar */ = {
			isa = PBXGroup;
			children = (
				7BD1D3AF287E158E00927E40 /* ModuleBuilder */,
				7BD1D3AD287E157D00927E40 /* TabBarViewController.swift */,
			);
			path = Tabbar;
			sourceTree = "<group>";
		};
		7BD1D3AF287E158E00927E40 /* ModuleBuilder */ = {
			isa = PBXGroup;
			children = (
				7BD1D3B0287E15A200927E40 /* TabBarModuleBuilder.swift */,
			);
			path = ModuleBuilder;
			sourceTree = "<group>";
		};
		7BD1D3B2287E1D8C00927E40 /* DashboardTab */ = {
			isa = PBXGroup;
			children = (
				7BD1D4312880C70C00927E40 /* Router */,
				7BD1D3B3287E1D9F00927E40 /* ModuleBuilder */,
				7BD1D415287F6D4700927E40 /* TableViewCell */,
				7BD1D37E287DE57500927E40 /* DashboardViewController.swift */,
				7BD1D404287EC06800927E40 /* DashboardViewModel.swift */,
			);
			path = DashboardTab;
			sourceTree = "<group>";
		};
		7BD1D3B3287E1D9F00927E40 /* ModuleBuilder */ = {
			isa = PBXGroup;
			children = (
				7BD1D3B4287E1DB500927E40 /* DashboardModuleBuilder.swift */,
			);
			path = ModuleBuilder;
			sourceTree = "<group>";
		};
		7BD1D3B6287E1EF300927E40 /* WatchTab */ = {
			isa = PBXGroup;
			children = (
				7BD1D3B7287E1EFF00927E40 /* ModuleBuilder */,
				7BD1D3BA287E1F6900927E40 /* WatchViewController.swift */,
			);
			path = WatchTab;
			sourceTree = "<group>";
		};
		7BD1D3B7287E1EFF00927E40 /* ModuleBuilder */ = {
			isa = PBXGroup;
			children = (
				7BD1D3B8287E1F1A00927E40 /* WatchTabModuleBuilder.swift */,
			);
			path = ModuleBuilder;
			sourceTree = "<group>";
		};
		7BD1D3BC287E215F00927E40 /* AppFactories */ = {
			isa = PBXGroup;
			children = (
				7BD1D3ED287E26F200927E40 /* UIButtonFactory.swift */,
				7BD1D3F0287E26F200927E40 /* UIImageViewFactory.swift */,
				7BD1D3EC287E26F200927E40 /* UILabelFactory.swift */,
				7BD1D3EE287E26F200927E40 /* UINavigationControllerFactory.swift */,
				7BD1D3EB287E26F200927E40 /* UIStackViewFactory.swift */,
				7BD1D3F1287E26F200927E40 /* UITableViewFactory.swift */,
				7BD1D3EF287E26F200927E40 /* UITextFieldFactory.swift */,
				7BD1D4542881C0F800927E40 /* UICollectionViewFactory.swift */,
			);
			path = AppFactories;
			sourceTree = "<group>";
		};
		7BD1D3BD287E21A500927E40 /* AppKit */ = {
			isa = PBXGroup;
			children = (
				7BD1D3F9287E273000927E40 /* Extensions */,
				7BD1D3E6287E238000927E40 /* AppTheme */,
				7BD1D3BE287E21BE00927E40 /* AppFont */,
				7BD1D3BC287E215F00927E40 /* AppFactories */,
			);
			path = AppKit;
			sourceTree = "<group>";
		};
		7BD1D3BE287E21BE00927E40 /* AppFont */ = {
			isa = PBXGroup;
			children = (
				7BD1D3C1287E221200927E40 /* FontFiles */,
				7BD1D3BF287E21E900927E40 /* AppFont.swift */,
			);
			path = AppFont;
			sourceTree = "<group>";
		};
		7BD1D3C1287E221200927E40 /* FontFiles */ = {
			isa = PBXGroup;
			children = (
				7BD1D3D1287E223100927E40 /* Poppins-Black.ttf */,
				7BD1D3C7287E223100927E40 /* Poppins-Bold.ttf */,
				7BD1D3CC287E223100927E40 /* Poppins-ExtraLight.ttf */,
				7BD1D3CA287E223100927E40 /* Poppins-Light.ttf */,
				7BD1D3C2287E223000927E40 /* Poppins-Medium.ttf */,
				7BD1D3D3287E223100927E40 /* Poppins-Regular.ttf */,
				7BD1D3CB287E223100927E40 /* Poppins-SemiBold.ttf */,
				7BD1D3C4287E223100927E40 /* Poppins-Thin.ttf */,
			);
			path = FontFiles;
			sourceTree = "<group>";
		};
		7BD1D3E6287E238000927E40 /* AppTheme */ = {
			isa = PBXGroup;
			children = (
				7BD1D3E7287E239C00927E40 /* Theme.swift */,
				7BD1D3E9287E25AE00927E40 /* AppColor.swift */,
			);
			path = AppTheme;
			sourceTree = "<group>";
		};
		7BD1D3F9287E273000927E40 /* Extensions */ = {
			isa = PBXGroup;
			children = (
				7BD1D3FB287E274000927E40 /* AppError.swift */,
				7BD1D3FA287E273F00927E40 /* ReuseableTableViewCell.swift */,
				7BD1D3FC287E274000927E40 /* UIImageView+Extension.swift */,
				7BD1D3FD287E274000927E40 /* UIView+Extension.swift */,
				7BD1D3FE287E274000927E40 /* UIViewController+Extension.swift */,
				7BD1D42F2880598300927E40 /* UITableView+Extension.swift */,
				7BD1D4502881571600927E40 /* ReuseableCollectionViewCell.swift */,
				7BD1D4572881D40000927E40 /* UIButton+Extension.swift */,
			);
			path = Extensions;
			sourceTree = "<group>";
		};
		7BD1D40B287F657600927E40 /* Network */ = {
			isa = PBXGroup;
			children = (
				7BD1D40C287F670400927E40 /* ApiService.swift */,
				7BD1D40E287F672A00927E40 /* ApiClient.swift */,
				7BD1D410287F674C00927E40 /* UrlRequest.swift */,
			);
			path = Network;
			sourceTree = "<group>";
		};
		7BD1D412287F68EA00927E40 /* ResponseModels */ = {
			isa = PBXGroup;
			children = (
				7BD1D413287F68FE00927E40 /* MoviesResponse.swift */,
			);
			path = ResponseModels;
			sourceTree = "<group>";
		};
		7BD1D415287F6D4700927E40 /* TableViewCell */ = {
			isa = PBXGroup;
			children = (
				7BD1D428287F752500927E40 /* DashboardTableViewCell.swift */,
				7BD1D42A287F753A00927E40 /* DashboardTableViewCellViewModel.swift */,
			);
			path = TableViewCell;
			sourceTree = "<group>";
		};
		7BD1D4312880C70C00927E40 /* Router */ = {
			isa = PBXGroup;
			children = (
				7BD1D4322880C72200927E40 /* DashboardSceneRouter.swift */,
			);
			path = Router;
			sourceTree = "<group>";
		};
		7BD1D4342880C7B300927E40 /* MovieDetail */ = {
			isa = PBXGroup;
			children = (
				7BD1D4442881480500927E40 /* Router */,
				7BD1D4392880D0AA00927E40 /* TableViewCells */,
				7BD1D4352880C7D200927E40 /* MovieDetailViewController.swift */,
				7BD1D4372880C8DF00927E40 /* MovieDetailViewModel.swift */,
			);
			path = MovieDetail;
			sourceTree = "<group>";
		};
		7BD1D4392880D0AA00927E40 /* TableViewCells */ = {
			isa = PBXGroup;
			children = (
				7BD1D4482881554100927E40 /* GenreCell */,
				7BD1D43F2880DAD800927E40 /* MovieOverview */,
				7BD1D43E2880DA3100927E40 /* HeaderImage */,
			);
			path = TableViewCells;
			sourceTree = "<group>";
		};
		7BD1D43E2880DA3100927E40 /* HeaderImage */ = {
			isa = PBXGroup;
			children = (
				7BD1D43A2880D0D900927E40 /* HeaderImageTableViewCell.swift */,
				7BD1D43C2880D14400927E40 /* HeaderImageTableViewCellViewModel.swift */,
			);
			path = HeaderImage;
			sourceTree = "<group>";
		};
		7BD1D43F2880DAD800927E40 /* MovieOverview */ = {
			isa = PBXGroup;
			children = (
				7BD1D4402880DB0000927E40 /* MovieOverviewTableViewCell.swift */,
				7BD1D4422880DB0A00927E40 /* MovieOverviewTableViewCellViewModel.swift */,
			);
			path = MovieOverview;
			sourceTree = "<group>";
		};
		7BD1D4442881480500927E40 /* Router */ = {
			isa = PBXGroup;
			children = (
				7BD1D4462881483B00927E40 /* MovieDetailRouter.swift */,
			);
			path = Router;
			sourceTree = "<group>";
		};
		7BD1D4482881554100927E40 /* GenreCell */ = {
			isa = PBXGroup;
			children = (
				7BD1D44D2881569000927E40 /* CollectionViewCell */,
				7BD1D4492881555800927E40 /* MovieGenreTableViewCell.swift */,
				7BD1D44B2881556C00927E40 /* MovieGenreTableViewCellViewModel.swift */,
			);
			path = GenreCell;
			sourceTree = "<group>";
		};
		7BD1D44D2881569000927E40 /* CollectionViewCell */ = {
			isa = PBXGroup;
			children = (
				7BD1D44E288156AF00927E40 /* GenreCollectionViewCell.swift */,
				7BD1D45228815B1000927E40 /* GenreCollectionViewCellViewModel.swift */,
			);
			path = CollectionViewCell;
			sourceTree = "<group>";
		};
/* End PBXGroup section */

/* Begin PBXNativeTarget section */
		7BD1D376287DE57500927E40 /* TenTwentyAssignment */ = {
			isa = PBXNativeTarget;
			buildConfigurationList = 7BD1D3A1287DE57700927E40 /* Build configuration list for PBXNativeTarget "TenTwentyAssignment" */;
			buildPhases = (
				7BD1D373287DE57500927E40 /* Sources */,
				7BD1D374287DE57500927E40 /* Frameworks */,
				7BD1D375287DE57500927E40 /* Resources */,
			);
			buildRules = (
			);
			dependencies = (
			);
			name = TenTwentyAssignment;
			packageProductDependencies = (
				7BD1D407287ED7B100927E40 /* RxCocoa */,
				7BD1D409287ED7B100927E40 /* RxSwift */,
				7BD1D42D2880203400927E40 /* SDWebImage */,
			);
			productName = TenTwentyAssignment;
			productReference = 7BD1D377287DE57500927E40 /* TenTwentyAssignment.app */;
			productType = "com.apple.product-type.application";
		};
		7BD1D38C287DE57700927E40 /* TenTwentyAssignmentTests */ = {
			isa = PBXNativeTarget;
			buildConfigurationList = 7BD1D3A4287DE57700927E40 /* Build configuration list for PBXNativeTarget "TenTwentyAssignmentTests" */;
			buildPhases = (
				7BD1D389287DE57700927E40 /* Sources */,
				7BD1D38A287DE57700927E40 /* Frameworks */,
				7BD1D38B287DE57700927E40 /* Resources */,
			);
			buildRules = (
			);
			dependencies = (
				7BD1D38F287DE57700927E40 /* PBXTargetDependency */,
			);
			name = TenTwentyAssignmentTests;
			productName = TenTwentyAssignmentTests;
			productReference = 7BD1D38D287DE57700927E40 /* TenTwentyAssignmentTests.xctest */;
			productType = "com.apple.product-type.bundle.unit-test";
		};
		7BD1D396287DE57700927E40 /* TenTwentyAssignmentUITests */ = {
			isa = PBXNativeTarget;
			buildConfigurationList = 7BD1D3A7287DE57700927E40 /* Build configuration list for PBXNativeTarget "TenTwentyAssignmentUITests" */;
			buildPhases = (
				7BD1D393287DE57700927E40 /* Sources */,
				7BD1D394287DE57700927E40 /* Frameworks */,
				7BD1D395287DE57700927E40 /* Resources */,
			);
			buildRules = (
			);
			dependencies = (
				7BD1D399287DE57700927E40 /* PBXTargetDependency */,
			);
			name = TenTwentyAssignmentUITests;
			productName = TenTwentyAssignmentUITests;
			productReference = 7BD1D397287DE57700927E40 /* TenTwentyAssignmentUITests.xctest */;
			productType = "com.apple.product-type.bundle.ui-testing";
		};
/* End PBXNativeTarget section */

/* Begin PBXProject section */
		7BD1D36F287DE57500927E40 /* Project object */ = {
			isa = PBXProject;
			attributes = {
				BuildIndependentTargetsInParallel = 1;
				LastSwiftUpdateCheck = 1330;
				LastUpgradeCheck = 1330;
				TargetAttributes = {
					7BD1D376287DE57500927E40 = {
						CreatedOnToolsVersion = 13.3.1;
					};
					7BD1D38C287DE57700927E40 = {
						CreatedOnToolsVersion = 13.3.1;
						TestTargetID = 7BD1D376287DE57500927E40;
					};
					7BD1D396287DE57700927E40 = {
						CreatedOnToolsVersion = 13.3.1;
						TestTargetID = 7BD1D376287DE57500927E40;
					};
				};
			};
			buildConfigurationList = 7BD1D372287DE57500927E40 /* Build configuration list for PBXProject "TenTwentyAssignment" */;
			compatibilityVersion = "Xcode 13.0";
			developmentRegion = en;
			hasScannedForEncodings = 0;
			knownRegions = (
				en,
				Base,
			);
			mainGroup = 7BD1D36E287DE57500927E40;
			packageReferences = (
				7BD1D406287ED7B100927E40 /* XCRemoteSwiftPackageReference "RxSwift" */,
				7BD1D42C2880203400927E40 /* XCRemoteSwiftPackageReference "SDWebImage" */,
			);
			productRefGroup = 7BD1D378287DE57500927E40 /* Products */;
			projectDirPath = "";
			projectRoot = "";
			targets = (
				7BD1D376287DE57500927E40 /* TenTwentyAssignment */,
				7BD1D38C287DE57700927E40 /* TenTwentyAssignmentTests */,
				7BD1D396287DE57700927E40 /* TenTwentyAssignmentUITests */,
			);
		};
/* End PBXProject section */

/* Begin PBXResourcesBuildPhase section */
		7BD1D375287DE57500927E40 /* Resources */ = {
			isa = PBXResourcesBuildPhase;
			buildActionMask = 2147483647;
			files = (
				7BD1D3D4287E223100927E40 /* Poppins-Medium.ttf in Resources */,
				7BD1D3E3287E223100927E40 /* Poppins-Black.ttf in Resources */,
				7BD1D3D9287E223100927E40 /* Poppins-Bold.ttf in Resources */,
				7BD1D387287DE57700927E40 /* LaunchScreen.storyboard in Resources */,
				7BD1D384287DE57700927E40 /* Assets.xcassets in Resources */,
				7BD1D3DD287E223100927E40 /* Poppins-SemiBold.ttf in Resources */,
				7BD1D3DC287E223100927E40 /* Poppins-Light.ttf in Resources */,
				7BD1D3D6287E223100927E40 /* Poppins-Thin.ttf in Resources */,
				7BD1D3DE287E223100927E40 /* Poppins-ExtraLight.ttf in Resources */,
				7BD1D3E5287E223100927E40 /* Poppins-Regular.ttf in Resources */,
			);
			runOnlyForDeploymentPostprocessing = 0;
		};
		7BD1D38B287DE57700927E40 /* Resources */ = {
			isa = PBXResourcesBuildPhase;
			buildActionMask = 2147483647;
			files = (
			);
			runOnlyForDeploymentPostprocessing = 0;
		};
		7BD1D395287DE57700927E40 /* Resources */ = {
			isa = PBXResourcesBuildPhase;
			buildActionMask = 2147483647;
			files = (
			);
			runOnlyForDeploymentPostprocessing = 0;
		};
/* End PBXResourcesBuildPhase section */

/* Begin PBXSourcesBuildPhase section */
		7BD1D373287DE57500927E40 /* Sources */ = {
			isa = PBXSourcesBuildPhase;
			buildActionMask = 2147483647;
			files = (
				7BD1D402287E274000927E40 /* UIView+Extension.swift in Sources */,
				7BD1D3B9287E1F1A00927E40 /* WatchTabModuleBuilder.swift in Sources */,
				7BD1D44C2881556C00927E40 /* MovieGenreTableViewCellViewModel.swift in Sources */,
				7BD1D3AE287E157D00927E40 /* TabBarViewController.swift in Sources */,
				7BD1D3F6287E26F200927E40 /* UITextFieldFactory.swift in Sources */,
				7BD1D3F2287E26F200927E40 /* UIStackViewFactory.swift in Sources */,
				7BD1D3C0287E21E900927E40 /* AppFont.swift in Sources */,
				7BD1D3F4287E26F200927E40 /* UIButtonFactory.swift in Sources */,
				7BD1D403287E274000927E40 /* UIViewController+Extension.swift in Sources */,
				7BD1D3FF287E274000927E40 /* ReuseableTableViewCell.swift in Sources */,
				7BD1D3F8287E26F200927E40 /* UITableViewFactory.swift in Sources */,
				7BD1D3BB287E1F6900927E40 /* WatchViewController.swift in Sources */,
				7BD1D43B2880D0D900927E40 /* HeaderImageTableViewCell.swift in Sources */,
				7BD1D4432880DB0A00927E40 /* MovieOverviewTableViewCellViewModel.swift in Sources */,
				7BD1D42B287F753A00927E40 /* DashboardTableViewCellViewModel.swift in Sources */,
				7BD1D43D2880D14400927E40 /* HeaderImageTableViewCellViewModel.swift in Sources */,
				7BD1D401287E274000927E40 /* UIImageView+Extension.swift in Sources */,
				7BD1D4552881C0F800927E40 /* UICollectionViewFactory.swift in Sources */,
				7BD1D3B1287E15A200927E40 /* TabBarModuleBuilder.swift in Sources */,
				7BD1D4382880C8DF00927E40 /* MovieDetailViewModel.swift in Sources */,
				7BD1D429287F752500927E40 /* DashboardTableViewCell.swift in Sources */,
				7BD1D4582881D40000927E40 /* UIButton+Extension.swift in Sources */,
				7BD1D411287F674C00927E40 /* UrlRequest.swift in Sources */,
				7BD1D3B5287E1DB500927E40 /* DashboardModuleBuilder.swift in Sources */,
				7BD1D3F7287E26F200927E40 /* UIImageViewFactory.swift in Sources */,
				7BD1D405287EC06800927E40 /* DashboardViewModel.swift in Sources */,
				7BD1D414287F68FE00927E40 /* MoviesResponse.swift in Sources */,
				7BD1D40D287F670400927E40 /* ApiService.swift in Sources */,
				7BD1D4412880DB0000927E40 /* MovieOverviewTableViewCell.swift in Sources */,
				7BD1D400287E274000927E40 /* AppError.swift in Sources */,
				7BD1D44F288156AF00927E40 /* GenreCollectionViewCell.swift in Sources */,
				7BD1D37F287DE57500927E40 /* DashboardViewController.swift in Sources */,
				7BD1D44A2881555800927E40 /* MovieGenreTableViewCell.swift in Sources */,
				7BD1D3F3287E26F200927E40 /* UILabelFactory.swift in Sources */,
				7BD1D4302880598300927E40 /* UITableView+Extension.swift in Sources */,
				7BD1D3E8287E239C00927E40 /* Theme.swift in Sources */,
				7BD1D4512881571600927E40 /* ReuseableCollectionViewCell.swift in Sources */,
				7BD1D4332880C72200927E40 /* DashboardSceneRouter.swift in Sources */,
				7BD1D40F287F672A00927E40 /* ApiClient.swift in Sources */,
				7BD1D45328815B1000927E40 /* GenreCollectionViewCellViewModel.swift in Sources */,
				7BD1D37B287DE57500927E40 /* AppDelegate.swift in Sources */,
				7BD1D3EA287E25AE00927E40 /* AppColor.swift in Sources */,
				7BD1D3F5287E26F200927E40 /* UINavigationControllerFactory.swift in Sources */,
				7BD1D4472881483B00927E40 /* MovieDetailRouter.swift in Sources */,
				7BD1D4362880C7D200927E40 /* MovieDetailViewController.swift in Sources */,
				7BD1D37D287DE57500927E40 /* SceneDelegate.swift in Sources */,
			);
			runOnlyForDeploymentPostprocessing = 0;
		};
		7BD1D389287DE57700927E40 /* Sources */ = {
			isa = PBXSourcesBuildPhase;
			buildActionMask = 2147483647;
			files = (
				7BD1D392287DE57700927E40 /* TenTwentyAssignmentTests.swift in Sources */,
			);
			runOnlyForDeploymentPostprocessing = 0;
		};
		7BD1D393287DE57700927E40 /* Sources */ = {
			isa = PBXSourcesBuildPhase;
			buildActionMask = 2147483647;
			files = (
				7BD1D39E287DE57700927E40 /* TenTwentyAssignmentUITestsLaunchTests.swift in Sources */,
				7BD1D39C287DE57700927E40 /* TenTwentyAssignmentUITests.swift in Sources */,
			);
			runOnlyForDeploymentPostprocessing = 0;
		};
/* End PBXSourcesBuildPhase section */

/* Begin PBXTargetDependency section */
		7BD1D38F287DE57700927E40 /* PBXTargetDependency */ = {
			isa = PBXTargetDependency;
			target = 7BD1D376287DE57500927E40 /* TenTwentyAssignment */;
			targetProxy = 7BD1D38E287DE57700927E40 /* PBXContainerItemProxy */;
		};
		7BD1D399287DE57700927E40 /* PBXTargetDependency */ = {
			isa = PBXTargetDependency;
			target = 7BD1D376287DE57500927E40 /* TenTwentyAssignment */;
			targetProxy = 7BD1D398287DE57700927E40 /* PBXContainerItemProxy */;
		};
/* End PBXTargetDependency section */

/* Begin PBXVariantGroup section */
		7BD1D385287DE57700927E40 /* LaunchScreen.storyboard */ = {
			isa = PBXVariantGroup;
			children = (
				7BD1D386287DE57700927E40 /* Base */,
			);
			name = LaunchScreen.storyboard;
			sourceTree = "<group>";
		};
/* End PBXVariantGroup section */

/* Begin XCBuildConfiguration section */
		7BD1D39F287DE57700927E40 /* Debug */ = {
			isa = XCBuildConfiguration;
			buildSettings = {
				ALWAYS_SEARCH_USER_PATHS = NO;
				CLANG_ANALYZER_NONNULL = YES;
				CLANG_ANALYZER_NUMBER_OBJECT_CONVERSION = YES_AGGRESSIVE;
				CLANG_CXX_LANGUAGE_STANDARD = "gnu++17";
				CLANG_ENABLE_MODULES = YES;
				CLANG_ENABLE_OBJC_ARC = YES;
				CLANG_ENABLE_OBJC_WEAK = YES;
				CLANG_WARN_BLOCK_CAPTURE_AUTORELEASING = YES;
				CLANG_WARN_BOOL_CONVERSION = YES;
				CLANG_WARN_COMMA = YES;
				CLANG_WARN_CONSTANT_CONVERSION = YES;
				CLANG_WARN_DEPRECATED_OBJC_IMPLEMENTATIONS = YES;
				CLANG_WARN_DIRECT_OBJC_ISA_USAGE = YES_ERROR;
				CLANG_WARN_DOCUMENTATION_COMMENTS = YES;
				CLANG_WARN_EMPTY_BODY = YES;
				CLANG_WARN_ENUM_CONVERSION = YES;
				CLANG_WARN_INFINITE_RECURSION = YES;
				CLANG_WARN_INT_CONVERSION = YES;
				CLANG_WARN_NON_LITERAL_NULL_CONVERSION = YES;
				CLANG_WARN_OBJC_IMPLICIT_RETAIN_SELF = YES;
				CLANG_WARN_OBJC_LITERAL_CONVERSION = YES;
				CLANG_WARN_OBJC_ROOT_CLASS = YES_ERROR;
				CLANG_WARN_QUOTED_INCLUDE_IN_FRAMEWORK_HEADER = YES;
				CLANG_WARN_RANGE_LOOP_ANALYSIS = YES;
				CLANG_WARN_STRICT_PROTOTYPES = YES;
				CLANG_WARN_SUSPICIOUS_MOVE = YES;
				CLANG_WARN_UNGUARDED_AVAILABILITY = YES_AGGRESSIVE;
				CLANG_WARN_UNREACHABLE_CODE = YES;
				CLANG_WARN__DUPLICATE_METHOD_MATCH = YES;
				COPY_PHASE_STRIP = NO;
				DEBUG_INFORMATION_FORMAT = dwarf;
				ENABLE_STRICT_OBJC_MSGSEND = YES;
				ENABLE_TESTABILITY = YES;
				GCC_C_LANGUAGE_STANDARD = gnu11;
				GCC_DYNAMIC_NO_PIC = NO;
				GCC_NO_COMMON_BLOCKS = YES;
				GCC_OPTIMIZATION_LEVEL = 0;
				GCC_PREPROCESSOR_DEFINITIONS = (
					"DEBUG=1",
					"$(inherited)",
				);
				GCC_WARN_64_TO_32_BIT_CONVERSION = YES;
				GCC_WARN_ABOUT_RETURN_TYPE = YES_ERROR;
				GCC_WARN_UNDECLARED_SELECTOR = YES;
				GCC_WARN_UNINITIALIZED_AUTOS = YES_AGGRESSIVE;
				GCC_WARN_UNUSED_FUNCTION = YES;
				GCC_WARN_UNUSED_VARIABLE = YES;
				IPHONEOS_DEPLOYMENT_TARGET = 15.0;
				MTL_ENABLE_DEBUG_INFO = INCLUDE_SOURCE;
				MTL_FAST_MATH = YES;
				ONLY_ACTIVE_ARCH = YES;
				SDKROOT = iphoneos;
				SWIFT_ACTIVE_COMPILATION_CONDITIONS = DEBUG;
				SWIFT_OPTIMIZATION_LEVEL = "-Onone";
			};
			name = Debug;
		};
		7BD1D3A0287DE57700927E40 /* Release */ = {
			isa = XCBuildConfiguration;
			buildSettings = {
				ALWAYS_SEARCH_USER_PATHS = NO;
				CLANG_ANALYZER_NONNULL = YES;
				CLANG_ANALYZER_NUMBER_OBJECT_CONVERSION = YES_AGGRESSIVE;
				CLANG_CXX_LANGUAGE_STANDARD = "gnu++17";
				CLANG_ENABLE_MODULES = YES;
				CLANG_ENABLE_OBJC_ARC = YES;
				CLANG_ENABLE_OBJC_WEAK = YES;
				CLANG_WARN_BLOCK_CAPTURE_AUTORELEASING = YES;
				CLANG_WARN_BOOL_CONVERSION = YES;
				CLANG_WARN_COMMA = YES;
				CLANG_WARN_CONSTANT_CONVERSION = YES;
				CLANG_WARN_DEPRECATED_OBJC_IMPLEMENTATIONS = YES;
				CLANG_WARN_DIRECT_OBJC_ISA_USAGE = YES_ERROR;
				CLANG_WARN_DOCUMENTATION_COMMENTS = YES;
				CLANG_WARN_EMPTY_BODY = YES;
				CLANG_WARN_ENUM_CONVERSION = YES;
				CLANG_WARN_INFINITE_RECURSION = YES;
				CLANG_WARN_INT_CONVERSION = YES;
				CLANG_WARN_NON_LITERAL_NULL_CONVERSION = YES;
				CLANG_WARN_OBJC_IMPLICIT_RETAIN_SELF = YES;
				CLANG_WARN_OBJC_LITERAL_CONVERSION = YES;
				CLANG_WARN_OBJC_ROOT_CLASS = YES_ERROR;
				CLANG_WARN_QUOTED_INCLUDE_IN_FRAMEWORK_HEADER = YES;
				CLANG_WARN_RANGE_LOOP_ANALYSIS = YES;
				CLANG_WARN_STRICT_PROTOTYPES = YES;
				CLANG_WARN_SUSPICIOUS_MOVE = YES;
				CLANG_WARN_UNGUARDED_AVAILABILITY = YES_AGGRESSIVE;
				CLANG_WARN_UNREACHABLE_CODE = YES;
				CLANG_WARN__DUPLICATE_METHOD_MATCH = YES;
				COPY_PHASE_STRIP = NO;
				DEBUG_INFORMATION_FORMAT = "dwarf-with-dsym";
				ENABLE_NS_ASSERTIONS = NO;
				ENABLE_STRICT_OBJC_MSGSEND = YES;
				GCC_C_LANGUAGE_STANDARD = gnu11;
				GCC_NO_COMMON_BLOCKS = YES;
				GCC_WARN_64_TO_32_BIT_CONVERSION = YES;
				GCC_WARN_ABOUT_RETURN_TYPE = YES_ERROR;
				GCC_WARN_UNDECLARED_SELECTOR = YES;
				GCC_WARN_UNINITIALIZED_AUTOS = YES_AGGRESSIVE;
				GCC_WARN_UNUSED_FUNCTION = YES;
				GCC_WARN_UNUSED_VARIABLE = YES;
				IPHONEOS_DEPLOYMENT_TARGET = 15.0;
				MTL_ENABLE_DEBUG_INFO = NO;
				MTL_FAST_MATH = YES;
				SDKROOT = iphoneos;
				SWIFT_COMPILATION_MODE = wholemodule;
				SWIFT_OPTIMIZATION_LEVEL = "-O";
				VALIDATE_PRODUCT = YES;
			};
			name = Release;
		};
		7BD1D3A2287DE57700927E40 /* Debug */ = {
			isa = XCBuildConfiguration;
			buildSettings = {
				ASSETCATALOG_COMPILER_APPICON_NAME = AppIcon;
				ASSETCATALOG_COMPILER_GLOBAL_ACCENT_COLOR_NAME = AccentColor;
				CODE_SIGN_STYLE = Automatic;
				CURRENT_PROJECT_VERSION = 1;
				DEVELOPMENT_TEAM = 5K66GTNJ69;
				GENERATE_INFOPLIST_FILE = YES;
				INFOPLIST_FILE = TenTwentyAssignment/Info.plist;
				INFOPLIST_KEY_UIApplicationSupportsIndirectInputEvents = YES;
				INFOPLIST_KEY_UILaunchStoryboardName = LaunchScreen;
				INFOPLIST_KEY_UISupportedInterfaceOrientations_iPad = "UIInterfaceOrientationPortrait UIInterfaceOrientationPortraitUpsideDown UIInterfaceOrientationLandscapeLeft UIInterfaceOrientationLandscapeRight";
				INFOPLIST_KEY_UISupportedInterfaceOrientations_iPhone = "UIInterfaceOrientationPortrait UIInterfaceOrientationLandscapeLeft UIInterfaceOrientationLandscapeRight";
				LD_RUNPATH_SEARCH_PATHS = (
					"$(inherited)",
					"@executable_path/Frameworks",
				);
				MARKETING_VERSION = 1.0;
				PRODUCT_BUNDLE_IDENTIFIER = com.ahmer.TenTwentyAssignment;
				PRODUCT_NAME = "$(TARGET_NAME)";
				SWIFT_EMIT_LOC_STRINGS = YES;
				SWIFT_VERSION = 5.0;
				TARGETED_DEVICE_FAMILY = "1,2";
			};
			name = Debug;
		};
		7BD1D3A3287DE57700927E40 /* Release */ = {
			isa = XCBuildConfiguration;
			buildSettings = {
				ASSETCATALOG_COMPILER_APPICON_NAME = AppIcon;
				ASSETCATALOG_COMPILER_GLOBAL_ACCENT_COLOR_NAME = AccentColor;
				CODE_SIGN_STYLE = Automatic;
				CURRENT_PROJECT_VERSION = 1;
				DEVELOPMENT_TEAM = 5K66GTNJ69;
				GENERATE_INFOPLIST_FILE = YES;
				INFOPLIST_FILE = TenTwentyAssignment/Info.plist;
				INFOPLIST_KEY_UIApplicationSupportsIndirectInputEvents = YES;
				INFOPLIST_KEY_UILaunchStoryboardName = LaunchScreen;
				INFOPLIST_KEY_UISupportedInterfaceOrientations_iPad = "UIInterfaceOrientationPortrait UIInterfaceOrientationPortraitUpsideDown UIInterfaceOrientationLandscapeLeft UIInterfaceOrientationLandscapeRight";
				INFOPLIST_KEY_UISupportedInterfaceOrientations_iPhone = "UIInterfaceOrientationPortrait UIInterfaceOrientationLandscapeLeft UIInterfaceOrientationLandscapeRight";
				LD_RUNPATH_SEARCH_PATHS = (
					"$(inherited)",
					"@executable_path/Frameworks",
				);
				MARKETING_VERSION = 1.0;
				PRODUCT_BUNDLE_IDENTIFIER = com.ahmer.TenTwentyAssignment;
				PRODUCT_NAME = "$(TARGET_NAME)";
				SWIFT_EMIT_LOC_STRINGS = YES;
				SWIFT_VERSION = 5.0;
				TARGETED_DEVICE_FAMILY = "1,2";
			};
			name = Release;
		};
		7BD1D3A5287DE57700927E40 /* Debug */ = {
			isa = XCBuildConfiguration;
			buildSettings = {
				ALWAYS_EMBED_SWIFT_STANDARD_LIBRARIES = YES;
				BUNDLE_LOADER = "$(TEST_HOST)";
				CODE_SIGN_STYLE = Automatic;
				CURRENT_PROJECT_VERSION = 1;
				DEVELOPMENT_TEAM = 5K66GTNJ69;
				GENERATE_INFOPLIST_FILE = YES;
				IPHONEOS_DEPLOYMENT_TARGET = 15.4;
				MARKETING_VERSION = 1.0;
				PRODUCT_BUNDLE_IDENTIFIER = com.ahmer.TenTwentyAssignmentTests;
				PRODUCT_NAME = "$(TARGET_NAME)";
				SWIFT_EMIT_LOC_STRINGS = NO;
				SWIFT_VERSION = 5.0;
				TARGETED_DEVICE_FAMILY = "1,2";
				TEST_HOST = "$(BUILT_PRODUCTS_DIR)/TenTwentyAssignment.app/TenTwentyAssignment";
			};
			name = Debug;
		};
		7BD1D3A6287DE57700927E40 /* Release */ = {
			isa = XCBuildConfiguration;
			buildSettings = {
				ALWAYS_EMBED_SWIFT_STANDARD_LIBRARIES = YES;
				BUNDLE_LOADER = "$(TEST_HOST)";
				CODE_SIGN_STYLE = Automatic;
				CURRENT_PROJECT_VERSION = 1;
				DEVELOPMENT_TEAM = 5K66GTNJ69;
				GENERATE_INFOPLIST_FILE = YES;
				IPHONEOS_DEPLOYMENT_TARGET = 15.4;
				MARKETING_VERSION = 1.0;
				PRODUCT_BUNDLE_IDENTIFIER = com.ahmer.TenTwentyAssignmentTests;
				PRODUCT_NAME = "$(TARGET_NAME)";
				SWIFT_EMIT_LOC_STRINGS = NO;
				SWIFT_VERSION = 5.0;
				TARGETED_DEVICE_FAMILY = "1,2";
				TEST_HOST = "$(BUILT_PRODUCTS_DIR)/TenTwentyAssignment.app/TenTwentyAssignment";
			};
			name = Release;
		};
		7BD1D3A8287DE57700927E40 /* Debug */ = {
			isa = XCBuildConfiguration;
			buildSettings = {
				ALWAYS_EMBED_SWIFT_STANDARD_LIBRARIES = YES;
				CODE_SIGN_STYLE = Automatic;
				CURRENT_PROJECT_VERSION = 1;
				DEVELOPMENT_TEAM = 5K66GTNJ69;
				GENERATE_INFOPLIST_FILE = YES;
				MARKETING_VERSION = 1.0;
				PRODUCT_BUNDLE_IDENTIFIER = com.ahmer.TenTwentyAssignmentUITests;
				PRODUCT_NAME = "$(TARGET_NAME)";
				SWIFT_EMIT_LOC_STRINGS = NO;
				SWIFT_VERSION = 5.0;
				TARGETED_DEVICE_FAMILY = "1,2";
				TEST_TARGET_NAME = TenTwentyAssignment;
			};
			name = Debug;
		};
		7BD1D3A9287DE57700927E40 /* Release */ = {
			isa = XCBuildConfiguration;
			buildSettings = {
				ALWAYS_EMBED_SWIFT_STANDARD_LIBRARIES = YES;
				CODE_SIGN_STYLE = Automatic;
				CURRENT_PROJECT_VERSION = 1;
				DEVELOPMENT_TEAM = 5K66GTNJ69;
				GENERATE_INFOPLIST_FILE = YES;
				MARKETING_VERSION = 1.0;
				PRODUCT_BUNDLE_IDENTIFIER = com.ahmer.TenTwentyAssignmentUITests;
				PRODUCT_NAME = "$(TARGET_NAME)";
				SWIFT_EMIT_LOC_STRINGS = NO;
				SWIFT_VERSION = 5.0;
				TARGETED_DEVICE_FAMILY = "1,2";
				TEST_TARGET_NAME = TenTwentyAssignment;
			};
			name = Release;
		};
/* End XCBuildConfiguration section */

/* Begin XCConfigurationList section */
		7BD1D372287DE57500927E40 /* Build configuration list for PBXProject "TenTwentyAssignment" */ = {
			isa = XCConfigurationList;
			buildConfigurations = (
				7BD1D39F287DE57700927E40 /* Debug */,
				7BD1D3A0287DE57700927E40 /* Release */,
			);
			defaultConfigurationIsVisible = 0;
			defaultConfigurationName = Release;
		};
		7BD1D3A1287DE57700927E40 /* Build configuration list for PBXNativeTarget "TenTwentyAssignment" */ = {
			isa = XCConfigurationList;
			buildConfigurations = (
				7BD1D3A2287DE57700927E40 /* Debug */,
				7BD1D3A3287DE57700927E40 /* Release */,
			);
			defaultConfigurationIsVisible = 0;
			defaultConfigurationName = Release;
		};
		7BD1D3A4287DE57700927E40 /* Build configuration list for PBXNativeTarget "TenTwentyAssignmentTests" */ = {
			isa = XCConfigurationList;
			buildConfigurations = (
				7BD1D3A5287DE57700927E40 /* Debug */,
				7BD1D3A6287DE57700927E40 /* Release */,
			);
			defaultConfigurationIsVisible = 0;
			defaultConfigurationName = Release;
		};
		7BD1D3A7287DE57700927E40 /* Build configuration list for PBXNativeTarget "TenTwentyAssignmentUITests" */ = {
			isa = XCConfigurationList;
			buildConfigurations = (
				7BD1D3A8287DE57700927E40 /* Debug */,
				7BD1D3A9287DE57700927E40 /* Release */,
			);
			defaultConfigurationIsVisible = 0;
			defaultConfigurationName = Release;
		};
/* End XCConfigurationList section */

/* Begin XCRemoteSwiftPackageReference section */
		7BD1D406287ED7B100927E40 /* XCRemoteSwiftPackageReference "RxSwift" */ = {
			isa = XCRemoteSwiftPackageReference;
			repositoryURL = "https://github.com/ReactiveX/RxSwift.git";
			requirement = {
				branch = main;
				kind = branch;
			};
		};
		7BD1D42C2880203400927E40 /* XCRemoteSwiftPackageReference "SDWebImage" */ = {
			isa = XCRemoteSwiftPackageReference;
			repositoryURL = "https://github.com/SDWebImage/SDWebImage.git";
			requirement = {
				branch = master;
				kind = branch;
			};
		};
/* End XCRemoteSwiftPackageReference section */

/* Begin XCSwiftPackageProductDependency section */
		7BD1D407287ED7B100927E40 /* RxCocoa */ = {
			isa = XCSwiftPackageProductDependency;
			package = 7BD1D406287ED7B100927E40 /* XCRemoteSwiftPackageReference "RxSwift" */;
			productName = RxCocoa;
		};
		7BD1D409287ED7B100927E40 /* RxSwift */ = {
			isa = XCSwiftPackageProductDependency;
			package = 7BD1D406287ED7B100927E40 /* XCRemoteSwiftPackageReference "RxSwift" */;
			productName = RxSwift;
		};
		7BD1D42D2880203400927E40 /* SDWebImage */ = {
			isa = XCSwiftPackageProductDependency;
			package = 7BD1D42C2880203400927E40 /* XCRemoteSwiftPackageReference "SDWebImage" */;
			productName = SDWebImage;
		};
/* End XCSwiftPackageProductDependency section */
	};
	rootObject = 7BD1D36F287DE57500927E40 /* Project object */;
}
